// !$*UTF8*$!
{
	archiveVersion = 1;
	classes = {
	};
	objectVersion = 50;
	objects = {

/* Begin PBXBuildFile section */
		2E7DB9632749587800496334 /* AppDelegate.swift in Sources */ = {isa = PBXBuildFile; fileRef = 2E7DB9622749587800496334 /* AppDelegate.swift */; };
		2E7DB9652749587800496334 /* SceneDelegate.swift in Sources */ = {isa = PBXBuildFile; fileRef = 2E7DB9642749587800496334 /* SceneDelegate.swift */; };
		2E7DB9672749587800496334 /* ViewController.swift in Sources */ = {isa = PBXBuildFile; fileRef = 2E7DB9662749587800496334 /* ViewController.swift */; };
		2E7DB96A2749587800496334 /* Main.storyboard in Resources */ = {isa = PBXBuildFile; fileRef = 2E7DB9682749587800496334 /* Main.storyboard */; };
		2E7DB96C2749587B00496334 /* Assets.xcassets in Resources */ = {isa = PBXBuildFile; fileRef = 2E7DB96B2749587B00496334 /* Assets.xcassets */; };
		2E7DB96F2749587B00496334 /* LaunchScreen.storyboard in Resources */ = {isa = PBXBuildFile; fileRef = 2E7DB96D2749587B00496334 /* LaunchScreen.storyboard */; };
		2E7DB9782749591A00496334 /* customUITableViewCell.xib in Resources */ = {isa = PBXBuildFile; fileRef = 2E7DB9772749591A00496334 /* customUITableViewCell.xib */; };
		2E7DB97B274959B000496334 /* MyCell.swift in Sources */ = {isa = PBXBuildFile; fileRef = 2E7DB97A274959B000496334 /* MyCell.swift */; };
		2E7DB97E2749640A00496334 /* NewViewController.swift in Sources */ = {isa = PBXBuildFile; fileRef = 2E7DB97D2749640A00496334 /* NewViewController.swift */; };
/* End PBXBuildFile section */

/* Begin PBXFileReference section */
		2E7DB95F2749587800496334 /* customViewCell.app */ = {isa = PBXFileReference; explicitFileType = wrapper.application; includeInIndex = 0; path = customViewCell.app; sourceTree = BUILT_PRODUCTS_DIR; };
		2E7DB9622749587800496334 /* AppDelegate.swift */ = {isa = PBXFileReference; lastKnownFileType = sourcecode.swift; path = AppDelegate.swift; sourceTree = "<group>"; };
		2E7DB9642749587800496334 /* SceneDelegate.swift */ = {isa = PBXFileReference; lastKnownFileType = sourcecode.swift; path = SceneDelegate.swift; sourceTree = "<group>"; };
		2E7DB9662749587800496334 /* ViewController.swift */ = {isa = PBXFileReference; lastKnownFileType = sourcecode.swift; path = ViewController.swift; sourceTree = "<group>"; };
		2E7DB9692749587800496334 /* Base */ = {isa = PBXFileReference; lastKnownFileType = file.storyboard; name = Base; path = Base.lproj/Main.storyboard; sourceTree = "<group>"; };
		2E7DB96B2749587B00496334 /* Assets.xcassets */ = {isa = PBXFileReference; lastKnownFileType = folder.assetcatalog; path = Assets.xcassets; sourceTree = "<group>"; };
		2E7DB96E2749587B00496334 /* Base */ = {isa = PBXFileReference; lastKnownFileType = file.storyboard; name = Base; path = Base.lproj/LaunchScreen.storyboard; sourceTree = "<group>"; };
		2E7DB9702749587B00496334 /* Info.plist */ = {isa = PBXFileReference; lastKnownFileType = text.plist.xml; path = Info.plist; sourceTree = "<group>"; };
		2E7DB9772749591A00496334 /* customUITableViewCell.xib */ = {isa = PBXFileReference; lastKnownFileType = file.xib; path = customUITableViewCell.xib; sourceTree = "<group>"; };
		2E7DB97A274959B000496334 /* MyCell.swift */ = {isa = PBXFileReference; lastKnownFileType = sourcecode.swift; path = MyCell.swift; sourceTree = "<group>"; };
		2E7DB97D2749640A00496334 /* NewViewController.swift */ = {isa = PBXFileReference; lastKnownFileType = sourcecode.swift; path = NewViewController.swift; sourceTree = "<group>"; };
/* End PBXFileReference section */

/* Begin PBXFrameworksBuildPhase section */
		2E7DB95C2749587800496334 /* Frameworks */ = {
			isa = PBXFrameworksBuildPhase;
			buildActionMask = 2147483647;
			files = (
			);
			runOnlyForDeploymentPostprocessing = 0;
		};
/* End PBXFrameworksBuildPhase section */

/* Begin PBXGroup section */
		2E7DB9562749587800496334 = {
			isa = PBXGroup;
			children = (
				2E7DB9612749587800496334 /* customViewCell */,
				2E7DB9602749587800496334 /* Products */,
			);
			sourceTree = "<group>";
		};
		2E7DB9602749587800496334 /* Products */ = {
			isa = PBXGroup;
			children = (
				2E7DB95F2749587800496334 /* customViewCell.app */,
			);
			name = Products;
			sourceTree = "<group>";
		};
		2E7DB9612749587800496334 /* customViewCell */ = {
			isa = PBXGroup;
			children = (
				2E7DB9622749587800496334 /* AppDelegate.swift */,
				2E7DB9642749587800496334 /* SceneDelegate.swift */,
				2E7DB9662749587800496334 /* ViewController.swift */,
				2E7DB9772749591A00496334 /* customUITableViewCell.xib */,
				2E7DB97A274959B000496334 /* MyCell.swift */,
				2E7DB9682749587800496334 /* Main.storyboard */,
				2E7DB97D2749640A00496334 /* NewViewController.swift */,
				2E7DB96B2749587B00496334 /* Assets.xcassets */,
				2E7DB96D2749587B00496334 /* LaunchScreen.storyboard */,
				2E7DB9702749587B00496334 /* Info.plist */,
			);
			path = customViewCell;
			sourceTree = "<group>";
		};
/* End PBXGroup section */

/* Begin PBXNativeTarget section */
		2E7DB95E2749587800496334 /* customViewCell */ = {
			isa = PBXNativeTarget;
			buildConfigurationList = 2E7DB9732749587B00496334 /* Build configuration list for PBXNativeTarget "customViewCell" */;
			buildPhases = (
				2E7DB95B2749587800496334 /* Sources */,
				2E7DB95C2749587800496334 /* Frameworks */,
				2E7DB95D2749587800496334 /* Resources */,
			);
			buildRules = (
			);
			dependencies = (
			);
			name = customViewCell;
			productName = customViewCell;
			productReference = 2E7DB95F2749587800496334 /* customViewCell.app */;
			productType = "com.apple.product-type.application";
		};
/* End PBXNativeTarget section */

/* Begin PBXProject section */
		2E7DB9572749587800496334 /* Project object */ = {
			isa = PBXProject;
			attributes = {
				LastSwiftUpdateCheck = 1240;
				LastUpgradeCheck = 1240;
				TargetAttributes = {
					2E7DB95E2749587800496334 = {
						CreatedOnToolsVersion = 12.4;
					};
				};
			};
			buildConfigurationList = 2E7DB95A2749587800496334 /* Build configuration list for PBXProject "customViewCell" */;
			compatibilityVersion = "Xcode 9.3";
			developmentRegion = en;
			hasScannedForEncodings = 0;
			knownRegions = (
				en,
				Base,
			);
			mainGroup = 2E7DB9562749587800496334;
			productRefGroup = 2E7DB9602749587800496334 /* Products */;
			projectDirPath = "";
			projectRoot = "";
			targets = (
				2E7DB95E2749587800496334 /* customViewCell */,
			);
		};
/* End PBXProject section */

/* Begin PBXResourcesBuildPhase section */
		2E7DB95D2749587800496334 /* Resources */ = {
			isa = PBXResourcesBuildPhase;
			buildActionMask = 2147483647;
			files = (
				2E7DB96F2749587B00496334 /* LaunchScreen.storyboard in Resources */,
				2E7DB96C2749587B00496334 /* Assets.xcassets in Resources */,
				2E7DB9782749591A00496334 /* customUITableViewCell.xib in Resources */,
				2E7DB96A2749587800496334 /* Main.storyboard in Resources */,
			);
			runOnlyForDeploymentPostprocessing = 0;
		};
/* End PBXResourcesBuildPhase section */

/* Begin PBXSourcesBuildPhase section */
		2E7DB95B2749587800496334 /* Sources */ = {
			isa = PBXSourcesBuildPhase;
			buildActionMask = 2147483647;
			files = (
				2E7DB9672749587800496334 /* ViewController.swift in Sources */,
				2E7DB97B274959B000496334 /* MyCell.swift in Sources */,
				2E7DB9632749587800496334 /* AppDelegate.swift in Sources */,
				2E7DB9652749587800496334 /* SceneDelegate.swift in Sources */,
				2E7DB97E2749640A00496334 /* NewViewController.swift in Sources */,
			);
			runOnlyForDeploymentPostprocessing = 0;
		};
/* End PBXSourcesBuildPhase section */

/* Begin PBXVariantGroup section */
		2E7DB9682749587800496334 /* Main.storyboard */ = {
			isa = PBXVariantGroup;
			children = (
				2E7DB9692749587800496334 /* Base */,
			);
			name = Main.storyboard;
			sourceTree = "<group>";
		};
		2E7DB96D2749587B00496334 /* LaunchScreen.storyboard */ = {
			isa = PBXVariantGroup;
			children = (
				2E7DB96E2749587B00496334 /* Base */,
			);
			name = LaunchScreen.storyboard;
			sourceTree = "<group>";
		};
/* End PBXVariantGroup section */

/* Begin XCBuildConfiguration section */
		2E7DB9712749587B00496334 /* Debug */ = {
			isa = XCBuildConfiguration;
			buildSettings = {
				ALWAYS_SEARCH_USER_PATHS = NO;
				CLANG_ANALYZER_NONNULL = YES;
				CLANG_ANALYZER_NUMBER_OBJECT_CONVERSION = YES_AGGRESSIVE;
				CLANG_CXX_LANGUAGE_STANDARD = "gnu++14";
				CLANG_CXX_LIBRARY = "libc++";
				CLANG_ENABLE_MODULES = YES;
				CLANG_ENABLE_OBJC_ARC = YES;
				CLANG_ENABLE_OBJC_WEAK = YES;
				CLANG_WARN_BLOCK_CAPTURE_AUTORELEASING = YES;
				CLANG_WARN_BOOL_CONVERSION = YES;
				CLANG_WARN_COMMA = YES;
				CLANG_WARN_CONSTANT_CONVERSION = YES;
				CLANG_WARN_DEPRECATED_OBJC_IMPLEMENTATIONS = YES;
				CLANG_WARN_DIRECT_OBJC_ISA_USAGE = YES_ERROR;
				CLANG_WARN_DOCUMENTATION_COMMENTS = YES;
				CLANG_WARN_EMPTY_BODY = YES;
				CLANG_WARN_ENUM_CONVERSION = YES;
				CLANG_WARN_INFINITE_RECURSION = YES;
				CLANG_WARN_INT_CONVERSION = YES;
				CLANG_WARN_NON_LITERAL_NULL_CONVERSION = YES;
				CLANG_WARN_OBJC_IMPLICIT_RETAIN_SELF = YES;
				CLANG_WARN_OBJC_LITERAL_CONVERSION = YES;
				CLANG_WARN_OBJC_ROOT_CLASS = YES_ERROR;
				CLANG_WARN_QUOTED_INCLUDE_IN_FRAMEWORK_HEADER = YES;
				CLANG_WARN_RANGE_LOOP_ANALYSIS = YES;
				CLANG_WARN_STRICT_PROTOTYPES = YES;
				CLANG_WARN_SUSPICIOUS_MOVE = YES;
				CLANG_WARN_UNGUARDED_AVAILABILITY = YES_AGGRESSIVE;
				CLANG_WARN_UNREACHABLE_CODE = YES;
				CLANG_WARN__DUPLICATE_METHOD_MATCH = YES;
				COPY_PHASE_STRIP = NO;
				DEBUG_INFORMATION_FORMAT = dwarf;
				ENABLE_STRICT_OBJC_MSGSEND = YES;
				ENABLE_TESTABILITY = YES;
				GCC_C_LANGUAGE_STANDARD = gnu11;
				GCC_DYNAMIC_NO_PIC = NO;
				GCC_NO_COMMON_BLOCKS = YES;
				GCC_OPTIMIZATION_LEVEL = 0;
				GCC_PREPROCESSOR_DEFINITIONS = (
					"DEBUG=1",
					"$(inherited)",
				);
				GCC_WARN_64_TO_32_BIT_CONVERSION = YES;
				GCC_WARN_ABOUT_RETURN_TYPE = YES_ERROR;
				GCC_WARN_UNDECLARED_SELECTOR = YES;
				GCC_WARN_UNINITIALIZED_AUTOS = YES_AGGRESSIVE;
				GCC_WARN_UNUSED_FUNCTION = YES;
				GCC_WARN_UNUSED_VARIABLE = YES;
				IPHONEOS_DEPLOYMENT_TARGET = 14.4;
				MTL_ENABLE_DEBUG_INFO = INCLUDE_SOURCE;
				MTL_FAST_MATH = YES;
				ONLY_ACTIVE_ARCH = YES;
				SDKROOT = iphoneos;
				SWIFT_ACTIVE_COMPILATION_CONDITIONS = DEBUG;
				SWIFT_OPTIMIZATION_LEVEL = "-Onone";
			};
			name = Debug;
		};
		2E7DB9722749587B00496334 /* Release */ = {
			isa = XCBuildConfiguration;
			buildSettings = {
				ALWAYS_SEARCH_USER_PATHS = NO;
				CLANG_ANALYZER_NONNULL = YES;
				CLANG_ANALYZER_NUMBER_OBJECT_CONVERSION = YES_AGGRESSIVE;
				CLANG_CXX_LANGUAGE_STANDARD = "gnu++14";
				CLANG_CXX_LIBRARY = "libc++";
				CLANG_ENABLE_MODULES = YES;
				CLANG_ENABLE_OBJC_ARC = YES;
				CLANG_ENABLE_OBJC_WEAK = YES;
				CLANG_WARN_BLOCK_CAPTURE_AUTORELEASING = YES;
				CLANG_WARN_BOOL_CONVERSION = YES;
				CLANG_WARN_COMMA = YES;
				CLANG_WARN_CONSTANT_CONVERSION = YES;
				CLANG_WARN_DEPRECATED_OBJC_IMPLEMENTATIONS = YES;
				CLANG_WARN_DIRECT_OBJC_ISA_USAGE = YES_ERROR;
				CLANG_WARN_DOCUMENTATION_COMMENTS = YES;
				CLANG_WARN_EMPTY_BODY = YES;
				CLANG_WARN_ENUM_CONVERSION = YES;
				CLANG_WARN_INFINITE_RECURSION = YES;
				CLANG_WARN_INT_CONVERSION = YES;
				CLANG_WARN_NON_LITERAL_NULL_CONVERSION = YES;
				CLANG_WARN_OBJC_IMPLICIT_RETAIN_SELF = YES;
				CLANG_WARN_OBJC_LITERAL_CONVERSION = YES;
				CLANG_WARN_OBJC_ROOT_CLASS = YES_ERROR;
				CLANG_WARN_QUOTED_INCLUDE_IN_FRAMEWORK_HEADER = YES;
				CLANG_WARN_RANGE_LOOP_ANALYSIS = YES;
				CLANG_WARN_STRICT_PROTOTYPES = YES;
				CLANG_WARN_SUSPICIOUS_MOVE = YES;
				CLANG_WARN_UNGUARDED_AVAILABILITY = YES_AGGRESSIVE;
				CLANG_WARN_UNREACHABLE_CODE = YES;
				CLANG_WARN__DUPLICATE_METHOD_MATCH = YES;
				COPY_PHASE_STRIP = NO;
				DEBUG_INFORMATION_FORMAT = "dwarf-with-dsym";
				ENABLE_NS_ASSERTIONS = NO;
				ENABLE_STRICT_OBJC_MSGSEND = YES;
				GCC_C_LANGUAGE_STANDARD = gnu11;
				GCC_NO_COMMON_BLOCKS = YES;
				GCC_WARN_64_TO_32_BIT_CONVERSION = YES;
				GCC_WARN_ABOUT_RETURN_TYPE = YES_ERROR;
				GCC_WARN_UNDECLARED_SELECTOR = YES;
				GCC_WARN_UNINITIALIZED_AUTOS = YES_AGGRESSIVE;
				GCC_WARN_UNUSED_FUNCTION = YES;
				GCC_WARN_UNUSED_VARIABLE = YES;
				IPHONEOS_DEPLOYMENT_TARGET = 14.4;
				MTL_ENABLE_DEBUG_INFO = NO;
				MTL_FAST_MATH = YES;
				SDKROOT = iphoneos;
				SWIFT_COMPILATION_MODE = wholemodule;
				SWIFT_OPTIMIZATION_LEVEL = "-O";
				VALIDATE_PRODUCT = YES;
			};
			name = Release;
		};
		2E7DB9742749587B00496334 /* Debug */ = {
			isa = XCBuildConfiguration;
			buildSettings = {
				ASSETCATALOG_COMPILER_APPICON_NAME = AppIcon;
				ASSETCATALOG_COMPILER_GLOBAL_ACCENT_COLOR_NAME = AccentColor;
				CODE_SIGN_STYLE = Automatic;
				DEVELOPMENT_TEAM = 9BK8NWYM5V;
				INFOPLIST_FILE = customViewCell/Info.plist;
				LD_RUNPATH_SEARCH_PATHS = (
					"$(inherited)",
					"@executable_path/Frameworks",
				);
				PRODUCT_BUNDLE_IDENTIFIER = NikNik.customViewCell;
				PRODUCT_NAME = "$(TARGET_NAME)";
				SWIFT_VERSION = 5.0;
				TARGETED_DEVICE_FAMILY = "1,2";
			};
			name = Debug;
		};
		2E7DB9752749587B00496334 /* Release */ = {
			isa = XCBuildConfiguration;
			buildSettings = {
				ASSETCATALOG_COMPILER_APPICON_NAME = AppIcon;
				ASSETCATALOG_COMPILER_GLOBAL_ACCENT_COLOR_NAME = AccentColor;
				CODE_SIGN_STYLE = Automatic;
				DEVELOPMENT_TEAM = 9BK8NWYM5V;
				INFOPLIST_FILE = customViewCell/Info.plist;
				LD_RUNPATH_SEARCH_PATHS = (
					"$(inherited)",
					"@executable_path/Frameworks",
				);
				PRODUCT_BUNDLE_IDENTIFIER = NikNik.customViewCell;
				PRODUCT_NAME = "$(TARGET_NAME)";
				SWIFT_VERSION = 5.0;
				TARGETED_DEVICE_FAMILY = "1,2";
			};
			name = Release;
		};
/* End XCBuildConfiguration section */

/* Begin XCConfigurationList section */
		2E7DB95A2749587800496334 /* Build configuration list for PBXProject "customViewCell" */ = {
			isa = XCConfigurationList;
			buildConfigurations = (
				2E7DB9712749587B00496334 /* Debug */,
				2E7DB9722749587B00496334 /* Release */,
			);
			defaultConfigurationIsVisible = 0;
			defaultConfigurationName = Release;
		};
		2E7DB9732749587B00496334 /* Build configuration list for PBXNativeTarget "customViewCell" */ = {
			isa = XCConfigurationList;
			buildConfigurations = (
				2E7DB9742749587B00496334 /* Debug */,
				2E7DB9752749587B00496334 /* Release */,
			);
			defaultConfigurationIsVisible = 0;
			defaultConfigurationName = Release;
		};
/* End XCConfigurationList section */
	};
	rootObject = 2E7DB9572749587800496334 /* Project object */;
}
